
Microsoft Visual Studio Solution File, Format Version 12.00
# Visual Studio Version 17
VisualStudioVersion = 17.10.35013.160
MinimumVisualStudioVersion = 10.0.40219.1
Project("{9A19103F-16F7-4668-BE54-9A1E7A4F7556}") = "StatsManager", "StatsManager\StatsManager.csproj", "{6D505160-7D11-4EBF-92FE-38645B4A8634}"
EndProject
Project("{9A19103F-16F7-4668-BE54-9A1E7A4F7556}") = "MTsocketAPI5", "MT5socketAPI\MTsocketAPI5.csproj", "{E99F882A-5C6F-4D8B-BF45-7FCF050F3740}"
EndProject
Global
	GlobalSection(SolutionConfigurationPlatforms) = preSolution
		Debug|Any CPU = Debug|Any CPU
		Release|Any CPU = Release|Any CPU
	EndGlobalSection
	GlobalSection(ProjectConfigurationPlatforms) = postSolution
		{6D505160-7D11-4EBF-92FE-38645B4A8634}.Debug|Any CPU.ActiveCfg = Debug|Any CPU
		{6D505160-7D11-4EBF-92FE-38645B4A8634}.Debug|Any CPU.Build.0 = Debug|Any CPU
		{6D505160-7D11-4EBF-92FE-38645B4A8634}.Release|Any CPU.ActiveCfg = Release|Any CPU
		{6D505160-7D11-4EBF-92FE-38645B4A8634}.Release|Any CPU.Build.0 = Release|Any CPU
		{E99F882A-5C6F-4D8B-BF45-7FCF050F3740}.Debug|Any CPU.ActiveCfg = Debug|Any CPU
		{E99F882A-5C6F-4D8B-BF45-7FCF050F3740}.Debug|Any CPU.Build.0 = Debug|Any CPU
		{E99F882A-5C6F-4D8B-BF45-7FCF050F3740}.Release|Any CPU.ActiveCfg = Release|Any CPU
		{E99F882A-5C6F-4D8B-BF45-7FCF050F3740}.Release|Any CPU.Build.0 = Release|Any CPU
	EndGlobalSection
	GlobalSection(SolutionProperties) = preSolution
		HideSolutionNode = FALSE
	EndGlobalSection
	GlobalSection(ExtensibilityGlobals) = postSolution
		SolutionGuid = {4B44C187-692C-4F58-BEA6-18DE6C0675F7}
	EndGlobalSection
EndGlobal
